
Microsoft Visual Studio Solution File, Format Version 12.00
# Visual Studio Version 17
VisualStudioVersion = 17.13.35919.96 d17.13
MinimumVisualStudioVersion = 10.0.40219.1
Project("{FAE04EC0-301F-11D3-BF4B-00C04F79EFBC}") = "ObrazApp", "ObrazApp.csproj", "{31808EED-4600-427C-AF64-A6A9C0090A7D}"
EndProject
Global
	GlobalSection(SolutionConfigurationPlatforms) = preSolution
		Debug|Any CPU = Debug|Any CPU
		Release|Any CPU = Release|Any CPU
	EndGlobalSection
	GlobalSection(ProjectConfigurationPlatforms) = postSolution
		{31808EED-4600-427C-AF64-A6A9C0090A7D}.Debug|Any CPU.ActiveCfg = Debug|Any CPU
		{31808EED-4600-427C-AF64-A6A9C0090A7D}.Debug|Any CPU.Build.0 = Debug|Any CPU
		{31808EED-4600-427C-AF64-A6A9C0090A7D}.Release|Any CPU.ActiveCfg = Release|Any CPU
		{31808EED-4600-427C-AF64-A6A9C0090A7D}.Release|Any CPU.Build.0 = Release|Any CPU
	EndGlobalSection
	GlobalSection(SolutionProperties) = preSolution
		HideSolutionNode = FALSE
	EndGlobalSection
	GlobalSection(ExtensibilityGlobals) = postSolution
		SolutionGuid = {3A6204B4-AE8F-486B-A3CB-07A88B3C8187}
	EndGlobalSection
EndGlobal
